
Microsoft Visual Studio Solution File, Format Version 12.00
# Visual Studio Version 17
VisualStudioVersion = 17.3.32901.215
MinimumVisualStudioVersion = 10.0.40219.1
Project("{FAE04EC0-301F-11D3-BF4B-00C04F79EFBC}") = "rehber -96", "rehber -96\rehber -96.csproj", "{CAA20395-8C10-464B-B0B1-C5F1827B6E74}"
EndProject
Global
	GlobalSection(SolutionConfigurationPlatforms) = preSolution
		Debug|Any CPU = Debug|Any CPU
		Release|Any CPU = Release|Any CPU
	EndGlobalSection
	GlobalSection(ProjectConfigurationPlatforms) = postSolution
		{CAA20395-8C10-464B-B0B1-C5F1827B6E74}.Debug|Any CPU.ActiveCfg = Debug|Any CPU
		{CAA20395-8C10-464B-B0B1-C5F1827B6E74}.Debug|Any CPU.Build.0 = Debug|Any CPU
		{CAA20395-8C10-464B-B0B1-C5F1827B6E74}.Release|Any CPU.ActiveCfg = Release|Any CPU
		{CAA20395-8C10-464B-B0B1-C5F1827B6E74}.Release|Any CPU.Build.0 = Release|Any CPU
	EndGlobalSection
	GlobalSection(SolutionProperties) = preSolution
		HideSolutionNode = FALSE
	EndGlobalSection
	GlobalSection(ExtensibilityGlobals) = postSolution
		SolutionGuid = {3B3B816D-2358-4026-9E12-3874466F4F56}
	EndGlobalSection
EndGlobal
